
Microsoft Visual Studio Solution File, Format Version 12.00
# Visual Studio 15
VisualStudioVersion = 15.0.28307.757
MinimumVisualStudioVersion = 10.0.40219.1
Project("{159641D6-6404-4A2A-AE62-294DE0FE8301}") = "ETL Framework", "ETL Framework\ETL Framework.dtproj", "{7220F12D-37F0-4565-89FB-AA2BAB352732}"
EndProject
Project("{159641D6-6404-4A2A-AE62-294DE0FE8301}") = "ETL Framework Example", "ETL Framework Example\ETL Framework Example.dtproj", "{07E5CC77-63F9-4F9C-92D9-9956613EC3C6}"
EndProject
Global
	GlobalSection(SolutionConfigurationPlatforms) = preSolution
		Development|Default = Development|Default
	EndGlobalSection
	GlobalSection(ProjectConfigurationPlatforms) = postSolution
		{7220F12D-37F0-4565-89FB-AA2BAB352732}.Development|Default.ActiveCfg = Development
		{7220F12D-37F0-4565-89FB-AA2BAB352732}.Development|Default.Build.0 = Development
		{07E5CC77-63F9-4F9C-92D9-9956613EC3C6}.Development|Default.ActiveCfg = Development
		{07E5CC77-63F9-4F9C-92D9-9956613EC3C6}.Development|Default.Build.0 = Development
	EndGlobalSection
	GlobalSection(SolutionProperties) = preSolution
		HideSolutionNode = FALSE
	EndGlobalSection
	GlobalSection(ExtensibilityGlobals) = postSolution
		SolutionGuid = {88294511-4AB0-4C12-81F0-B45116DD10E4}
	EndGlobalSection
EndGlobal
